
Microsoft Visual Studio Solution File, Format Version 12.00
# Visual Studio Version 17
VisualStudioVersion = 17.5.33627.172
MinimumVisualStudioVersion = 10.0.40219.1
Project("{9A19103F-16F7-4668-BE54-9A1E7A4F7556}") = "Final_5.6", "Final_5.6\Final_5.6.csproj", "{259ACC89-1F7A-49EE-B201-0DF3E13FEA8A}"
EndProject
Project("{FAE04EC0-301F-11D3-BF4B-00C04F79EFBC}") = "6", "6\6.csproj", "{69F77DB3-BD44-4F17-B8FC-6E34281EC00E}"
EndProject
Global
	GlobalSection(SolutionConfigurationPlatforms) = preSolution
		Debug|Any CPU = Debug|Any CPU
		Release|Any CPU = Release|Any CPU
	EndGlobalSection
	GlobalSection(ProjectConfigurationPlatforms) = postSolution
		{259ACC89-1F7A-49EE-B201-0DF3E13FEA8A}.Debug|Any CPU.ActiveCfg = Debug|Any CPU
		{259ACC89-1F7A-49EE-B201-0DF3E13FEA8A}.Debug|Any CPU.Build.0 = Debug|Any CPU
		{259ACC89-1F7A-49EE-B201-0DF3E13FEA8A}.Release|Any CPU.ActiveCfg = Release|Any CPU
		{259ACC89-1F7A-49EE-B201-0DF3E13FEA8A}.Release|Any CPU.Build.0 = Release|Any CPU
		{69F77DB3-BD44-4F17-B8FC-6E34281EC00E}.Debug|Any CPU.ActiveCfg = Debug|Any CPU
		{69F77DB3-BD44-4F17-B8FC-6E34281EC00E}.Debug|Any CPU.Build.0 = Debug|Any CPU
		{69F77DB3-BD44-4F17-B8FC-6E34281EC00E}.Release|Any CPU.ActiveCfg = Release|Any CPU
		{69F77DB3-BD44-4F17-B8FC-6E34281EC00E}.Release|Any CPU.Build.0 = Release|Any CPU
	EndGlobalSection
	GlobalSection(SolutionProperties) = preSolution
		HideSolutionNode = FALSE
	EndGlobalSection
	GlobalSection(ExtensibilityGlobals) = postSolution
		SolutionGuid = {E63BC568-5CAD-414B-9D1E-0733D546C46C}
	EndGlobalSection
EndGlobal
