
Microsoft Visual Studio Solution File, Format Version 12.00
# Visual Studio Version 17
VisualStudioVersion = 17.5.33627.172
MinimumVisualStudioVersion = 10.0.40219.1
Project("{9A19103F-16F7-4668-BE54-9A1E7A4F7556}") = "6", "6\6.csproj", "{69F77DB3-BD44-4F17-B8FC-6E34281EC00E}"
EndProject
Project("{FAE04EC0-301F-11D3-BF4B-00C04F79EFBC}") = "7.2.7", "7.2.7\7.2.7.csproj", "{0EDDC0CA-B191-4321-8CC3-3415AF3EBB18}"
EndProject
Project("{FAE04EC0-301F-11D3-BF4B-00C04F79EFBC}") = "Final7", "Final7\Final7.csproj", "{F6AF4256-3212-4D8A-B1DE-4F46ED32CFFE}"
EndProject
Project("{FAE04EC0-301F-11D3-BF4B-00C04F79EFBC}") = "q8.2", "q8.2\q8.2.csproj", "{AD67EA83-0FFB-4555-9199-D5395A1DC26A}"
EndProject
Project("{2150E333-8FDC-42A3-9474-1A3956D46DE8}") = "q8", "q8", "{D2217D53-0D5F-47CA-BED8-A946EA617D22}"
EndProject
Project("{FAE04EC0-301F-11D3-BF4B-00C04F79EFBC}") = "q8.2.1", "q8.2.1\q8.2.1.csproj", "{77F1C9E9-5D92-4680-BBED-783C0933F5C8}"
EndProject
Project("{FAE04EC0-301F-11D3-BF4B-00C04F79EFBC}") = "q8.2.2", "q8.2.2\q8.2.2.csproj", "{7ECF80C0-46E4-41E7-8DBB-4CF59830C57C}"
EndProject
Project("{2150E333-8FDC-42A3-9474-1A3956D46DE8}") = "q9", "q9", "{C0F420C6-F771-4DDE-A344-D301B4CE3775}"
EndProject
Project("{FAE04EC0-301F-11D3-BF4B-00C04F79EFBC}") = "q9.3.2", "q9.3.2\q9.3.2.csproj", "{5B2AEF9E-164A-40C4-A878-D203C4C16C86}"
EndProject
Project("{FAE04EC0-301F-11D3-BF4B-00C04F79EFBC}") = "q9.3.4", "q9.3.4\q9.3.4.csproj", "{FCA66630-B74B-405A-B173-2595119BD950}"
EndProject
Project("{FAE04EC0-301F-11D3-BF4B-00C04F79EFBC}") = "q9.1", "q9.1\q9.1.csproj", "{44F7D144-D3B0-43E3-B582-ED2AC4B74ABD}"
EndProject
Project("{FAE04EC0-301F-11D3-BF4B-00C04F79EFBC}") = "q9.3.12", "q9.3.12\q9.3.12.csproj", "{95CFFD0D-201C-4AC6-9515-692EBEEEB3CA}"
EndProject
Project("{FAE04EC0-301F-11D3-BF4B-00C04F79EFBC}") = "q9.5.0", "q9.5.0\q9.5.0.csproj", "{0E115C29-19A6-4B15-B918-C9B936F20D0E}"
EndProject
Project("{FAE04EC0-301F-11D3-BF4B-00C04F79EFBC}") = "q9.6.1.task1", "q9.6.1.task1\q9.6.1.task1.csproj", "{A1B0BF33-8AD7-49AD-8C9D-8DA2F0427120}"
EndProject
Project("{FAE04EC0-301F-11D3-BF4B-00C04F79EFBC}") = "q9.6.1.task2", "q9.6.1.task2\q9.6.1.task2.csproj", "{219BD272-FA74-44F8-A50E-A75AA9DF5201}"
EndProject
Project("{2150E333-8FDC-42A3-9474-1A3956D46DE8}") = "q10", "q10", "{04A804BB-5613-4FEB-AEFF-44336931D85D}"
EndProject
Project("{FAE04EC0-301F-11D3-BF4B-00C04F79EFBC}") = "q10", "q10\q10\q10.csproj", "{5541F03D-2AB9-4DCA-95BC-5F489DB31D4D}"
EndProject
Project("{FAE04EC0-301F-11D3-BF4B-00C04F79EFBC}") = "interface_DI", "q10\interface_DI\interface_DI.csproj", "{5B360A9C-D236-483C-AF20-44B4B88FA049}"
EndProject
Global
	GlobalSection(SolutionConfigurationPlatforms) = preSolution
		Debug|Any CPU = Debug|Any CPU
		Release|Any CPU = Release|Any CPU
	EndGlobalSection
	GlobalSection(ProjectConfigurationPlatforms) = postSolution
		{69F77DB3-BD44-4F17-B8FC-6E34281EC00E}.Debug|Any CPU.ActiveCfg = Debug|Any CPU
		{69F77DB3-BD44-4F17-B8FC-6E34281EC00E}.Debug|Any CPU.Build.0 = Debug|Any CPU
		{69F77DB3-BD44-4F17-B8FC-6E34281EC00E}.Release|Any CPU.ActiveCfg = Release|Any CPU
		{69F77DB3-BD44-4F17-B8FC-6E34281EC00E}.Release|Any CPU.Build.0 = Release|Any CPU
		{0EDDC0CA-B191-4321-8CC3-3415AF3EBB18}.Debug|Any CPU.ActiveCfg = Debug|Any CPU
		{0EDDC0CA-B191-4321-8CC3-3415AF3EBB18}.Debug|Any CPU.Build.0 = Debug|Any CPU
		{0EDDC0CA-B191-4321-8CC3-3415AF3EBB18}.Release|Any CPU.ActiveCfg = Release|Any CPU
		{0EDDC0CA-B191-4321-8CC3-3415AF3EBB18}.Release|Any CPU.Build.0 = Release|Any CPU
		{F6AF4256-3212-4D8A-B1DE-4F46ED32CFFE}.Debug|Any CPU.ActiveCfg = Debug|Any CPU
		{F6AF4256-3212-4D8A-B1DE-4F46ED32CFFE}.Debug|Any CPU.Build.0 = Debug|Any CPU
		{F6AF4256-3212-4D8A-B1DE-4F46ED32CFFE}.Release|Any CPU.ActiveCfg = Release|Any CPU
		{F6AF4256-3212-4D8A-B1DE-4F46ED32CFFE}.Release|Any CPU.Build.0 = Release|Any CPU
		{AD67EA83-0FFB-4555-9199-D5395A1DC26A}.Debug|Any CPU.ActiveCfg = Debug|Any CPU
		{AD67EA83-0FFB-4555-9199-D5395A1DC26A}.Debug|Any CPU.Build.0 = Debug|Any CPU
		{AD67EA83-0FFB-4555-9199-D5395A1DC26A}.Release|Any CPU.ActiveCfg = Release|Any CPU
		{AD67EA83-0FFB-4555-9199-D5395A1DC26A}.Release|Any CPU.Build.0 = Release|Any CPU
		{77F1C9E9-5D92-4680-BBED-783C0933F5C8}.Debug|Any CPU.ActiveCfg = Debug|Any CPU
		{77F1C9E9-5D92-4680-BBED-783C0933F5C8}.Debug|Any CPU.Build.0 = Debug|Any CPU
		{77F1C9E9-5D92-4680-BBED-783C0933F5C8}.Release|Any CPU.ActiveCfg = Release|Any CPU
		{77F1C9E9-5D92-4680-BBED-783C0933F5C8}.Release|Any CPU.Build.0 = Release|Any CPU
		{7ECF80C0-46E4-41E7-8DBB-4CF59830C57C}.Debug|Any CPU.ActiveCfg = Debug|Any CPU
		{7ECF80C0-46E4-41E7-8DBB-4CF59830C57C}.Debug|Any CPU.Build.0 = Debug|Any CPU
		{7ECF80C0-46E4-41E7-8DBB-4CF59830C57C}.Release|Any CPU.ActiveCfg = Release|Any CPU
		{7ECF80C0-46E4-41E7-8DBB-4CF59830C57C}.Release|Any CPU.Build.0 = Release|Any CPU
		{5B2AEF9E-164A-40C4-A878-D203C4C16C86}.Debug|Any CPU.ActiveCfg = Debug|Any CPU
		{5B2AEF9E-164A-40C4-A878-D203C4C16C86}.Debug|Any CPU.Build.0 = Debug|Any CPU
		{5B2AEF9E-164A-40C4-A878-D203C4C16C86}.Release|Any CPU.ActiveCfg = Release|Any CPU
		{5B2AEF9E-164A-40C4-A878-D203C4C16C86}.Release|Any CPU.Build.0 = Release|Any CPU
		{FCA66630-B74B-405A-B173-2595119BD950}.Debug|Any CPU.ActiveCfg = Debug|Any CPU
		{FCA66630-B74B-405A-B173-2595119BD950}.Debug|Any CPU.Build.0 = Debug|Any CPU
		{FCA66630-B74B-405A-B173-2595119BD950}.Release|Any CPU.ActiveCfg = Release|Any CPU
		{FCA66630-B74B-405A-B173-2595119BD950}.Release|Any CPU.Build.0 = Release|Any CPU
		{44F7D144-D3B0-43E3-B582-ED2AC4B74ABD}.Debug|Any CPU.ActiveCfg = Debug|Any CPU
		{44F7D144-D3B0-43E3-B582-ED2AC4B74ABD}.Debug|Any CPU.Build.0 = Debug|Any CPU
		{44F7D144-D3B0-43E3-B582-ED2AC4B74ABD}.Release|Any CPU.ActiveCfg = Release|Any CPU
		{44F7D144-D3B0-43E3-B582-ED2AC4B74ABD}.Release|Any CPU.Build.0 = Release|Any CPU
		{95CFFD0D-201C-4AC6-9515-692EBEEEB3CA}.Debug|Any CPU.ActiveCfg = Debug|Any CPU
		{95CFFD0D-201C-4AC6-9515-692EBEEEB3CA}.Debug|Any CPU.Build.0 = Debug|Any CPU
		{95CFFD0D-201C-4AC6-9515-692EBEEEB3CA}.Release|Any CPU.ActiveCfg = Release|Any CPU
		{95CFFD0D-201C-4AC6-9515-692EBEEEB3CA}.Release|Any CPU.Build.0 = Release|Any CPU
		{0E115C29-19A6-4B15-B918-C9B936F20D0E}.Debug|Any CPU.ActiveCfg = Debug|Any CPU
		{0E115C29-19A6-4B15-B918-C9B936F20D0E}.Debug|Any CPU.Build.0 = Debug|Any CPU
		{0E115C29-19A6-4B15-B918-C9B936F20D0E}.Release|Any CPU.ActiveCfg = Release|Any CPU
		{0E115C29-19A6-4B15-B918-C9B936F20D0E}.Release|Any CPU.Build.0 = Release|Any CPU
		{A1B0BF33-8AD7-49AD-8C9D-8DA2F0427120}.Debug|Any CPU.ActiveCfg = Debug|Any CPU
		{A1B0BF33-8AD7-49AD-8C9D-8DA2F0427120}.Debug|Any CPU.Build.0 = Debug|Any CPU
		{A1B0BF33-8AD7-49AD-8C9D-8DA2F0427120}.Release|Any CPU.ActiveCfg = Release|Any CPU
		{A1B0BF33-8AD7-49AD-8C9D-8DA2F0427120}.Release|Any CPU.Build.0 = Release|Any CPU
		{219BD272-FA74-44F8-A50E-A75AA9DF5201}.Debug|Any CPU.ActiveCfg = Debug|Any CPU
		{219BD272-FA74-44F8-A50E-A75AA9DF5201}.Debug|Any CPU.Build.0 = Debug|Any CPU
		{219BD272-FA74-44F8-A50E-A75AA9DF5201}.Release|Any CPU.ActiveCfg = Release|Any CPU
		{219BD272-FA74-44F8-A50E-A75AA9DF5201}.Release|Any CPU.Build.0 = Release|Any CPU
		{5541F03D-2AB9-4DCA-95BC-5F489DB31D4D}.Debug|Any CPU.ActiveCfg = Debug|Any CPU
		{5541F03D-2AB9-4DCA-95BC-5F489DB31D4D}.Debug|Any CPU.Build.0 = Debug|Any CPU
		{5541F03D-2AB9-4DCA-95BC-5F489DB31D4D}.Release|Any CPU.ActiveCfg = Release|Any CPU
		{5541F03D-2AB9-4DCA-95BC-5F489DB31D4D}.Release|Any CPU.Build.0 = Release|Any CPU
		{5B360A9C-D236-483C-AF20-44B4B88FA049}.Debug|Any CPU.ActiveCfg = Debug|Any CPU
		{5B360A9C-D236-483C-AF20-44B4B88FA049}.Debug|Any CPU.Build.0 = Debug|Any CPU
		{5B360A9C-D236-483C-AF20-44B4B88FA049}.Release|Any CPU.ActiveCfg = Release|Any CPU
		{5B360A9C-D236-483C-AF20-44B4B88FA049}.Release|Any CPU.Build.0 = Release|Any CPU
	EndGlobalSection
	GlobalSection(SolutionProperties) = preSolution
		HideSolutionNode = FALSE
	EndGlobalSection
	GlobalSection(ExtensibilityGlobals) = postSolution
		SolutionGuid = {E63BC568-5CAD-414B-9D1E-0733D546C46C}
	EndGlobalSection
	GlobalSection(NestedProjects) = preSolution
		{AD67EA83-0FFB-4555-9199-D5395A1DC26A} = {D2217D53-0D5F-47CA-BED8-A946EA617D22}
		{77F1C9E9-5D92-4680-BBED-783C0933F5C8} = {D2217D53-0D5F-47CA-BED8-A946EA617D22}
		{5B2AEF9E-164A-40C4-A878-D203C4C16C86} = {C0F420C6-F771-4DDE-A344-D301B4CE3775}
		{FCA66630-B74B-405A-B173-2595119BD950} = {C0F420C6-F771-4DDE-A344-D301B4CE3775}
		{44F7D144-D3B0-43E3-B582-ED2AC4B74ABD} = {C0F420C6-F771-4DDE-A344-D301B4CE3775}
		{95CFFD0D-201C-4AC6-9515-692EBEEEB3CA} = {C0F420C6-F771-4DDE-A344-D301B4CE3775}
		{7ECF80C0-46E4-41E7-8DBB-4CF59830C57C} = {D2217D53-0D5F-47CA-BED8-A946EA617D22}
		{0E115C29-19A6-4B15-B918-C9B936F20D0E} = {C0F420C6-F771-4DDE-A344-D301B4CE3775}
		{A1B0BF33-8AD7-49AD-8C9D-8DA2F0427120} = {C0F420C6-F771-4DDE-A344-D301B4CE3775}
		{219BD272-FA74-44F8-A50E-A75AA9DF5201} = {C0F420C6-F771-4DDE-A344-D301B4CE3775}
		{5541F03D-2AB9-4DCA-95BC-5F489DB31D4D} = {04A804BB-5613-4FEB-AEFF-44336931D85D}
		{5B360A9C-D236-483C-AF20-44B4B88FA049} = {04A804BB-5613-4FEB-AEFF-44336931D85D}
	EndGlobalSection
EndGlobal
